// !$*UTF8*$!
{
	archiveVersion = 1;
	classes = {
	};
	objectVersion = 50;
	objects = {

/* Begin PBXBuildFile section */
		6BFE254FE73617CB99DA7FB2 /* Pods_weather.framework in Frameworks */ = {isa = PBXBuildFile; fileRef = C515B6AFAF63283B0C7D627C /* Pods_weather.framework */; };
		E20B58EF21A2695E00B2282F /* AppDelegate.swift in Sources */ = {isa = PBXBuildFile; fileRef = E20B58EE21A2695E00B2282F /* AppDelegate.swift */; };
		E20B58F121A2695E00B2282F /* ViewController.swift in Sources */ = {isa = PBXBuildFile; fileRef = E20B58F021A2695E00B2282F /* ViewController.swift */; };
		E20B58F421A2695E00B2282F /* Main.storyboard in Resources */ = {isa = PBXBuildFile; fileRef = E20B58F221A2695E00B2282F /* Main.storyboard */; };
		E20B58F621A2696000B2282F /* Assets.xcassets in Resources */ = {isa = PBXBuildFile; fileRef = E20B58F521A2696000B2282F /* Assets.xcassets */; };
		E20B58F921A2696000B2282F /* LaunchScreen.storyboard in Resources */ = {isa = PBXBuildFile; fileRef = E20B58F721A2696000B2282F /* LaunchScreen.storyboard */; };
		E20B590421A2696000B2282F /* weatherTests.swift in Sources */ = {isa = PBXBuildFile; fileRef = E20B590321A2696000B2282F /* weatherTests.swift */; };
		E20B590F21A2696000B2282F /* weatherUITests.swift in Sources */ = {isa = PBXBuildFile; fileRef = E20B590E21A2696000B2282F /* weatherUITests.swift */; };
		E20B5CC221A5031F00B2282F /* AdobeClean-Light.otf in Resources */ = {isa = PBXBuildFile; fileRef = E20B5CC121A5031F00B2282F /* AdobeClean-Light.otf */; };
		E20B5CC621A50D7D00B2282F /* MainNetManger.swift in Sources */ = {isa = PBXBuildFile; fileRef = E20B5CC521A50D7D00B2282F /* MainNetManger.swift */; };
		E260EB0021A5408D00306F8A /* WeatherModel.swift in Sources */ = {isa = PBXBuildFile; fileRef = E260EAFF21A5408D00306F8A /* WeatherModel.swift */; };
/* End PBXBuildFile section */

/* Begin PBXContainerItemProxy section */
		E20B590021A2696000B2282F /* PBXContainerItemProxy */ = {
			isa = PBXContainerItemProxy;
			containerPortal = E20B58E321A2695E00B2282F /* Project object */;
			proxyType = 1;
			remoteGlobalIDString = E20B58EA21A2695E00B2282F;
			remoteInfo = weather;
		};
		E20B590B21A2696000B2282F /* PBXContainerItemProxy */ = {
			isa = PBXContainerItemProxy;
			containerPortal = E20B58E321A2695E00B2282F /* Project object */;
			proxyType = 1;
			remoteGlobalIDString = E20B58EA21A2695E00B2282F;
			remoteInfo = weather;
		};
/* End PBXContainerItemProxy section */

/* Begin PBXFileReference section */
		AFED3E1C883B37786C0269B6 /* Pods-weather.debug.xcconfig */ = {isa = PBXFileReference; includeInIndex = 1; lastKnownFileType = text.xcconfig; name = "Pods-weather.debug.xcconfig"; path = "Pods/Target Support Files/Pods-weather/Pods-weather.debug.xcconfig"; sourceTree = "<group>"; };
		BA7FEBD279C6445DE68DBC09 /* Pods-weather.release.xcconfig */ = {isa = PBXFileReference; includeInIndex = 1; lastKnownFileType = text.xcconfig; name = "Pods-weather.release.xcconfig"; path = "Pods/Target Support Files/Pods-weather/Pods-weather.release.xcconfig"; sourceTree = "<group>"; };
		C515B6AFAF63283B0C7D627C /* Pods_weather.framework */ = {isa = PBXFileReference; explicitFileType = wrapper.framework; includeInIndex = 0; path = Pods_weather.framework; sourceTree = BUILT_PRODUCTS_DIR; };
		E20B58EB21A2695E00B2282F /* weather.app */ = {isa = PBXFileReference; explicitFileType = wrapper.application; includeInIndex = 0; path = weather.app; sourceTree = BUILT_PRODUCTS_DIR; };
		E20B58EE21A2695E00B2282F /* AppDelegate.swift */ = {isa = PBXFileReference; lastKnownFileType = sourcecode.swift; path = AppDelegate.swift; sourceTree = "<group>"; };
		E20B58F021A2695E00B2282F /* ViewController.swift */ = {isa = PBXFileReference; lastKnownFileType = sourcecode.swift; path = ViewController.swift; sourceTree = "<group>"; };
		E20B58F321A2695E00B2282F /* Base */ = {isa = PBXFileReference; lastKnownFileType = file.storyboard; name = Base; path = Base.lproj/Main.storyboard; sourceTree = "<group>"; };
		E20B58F521A2696000B2282F /* Assets.xcassets */ = {isa = PBXFileReference; lastKnownFileType = folder.assetcatalog; path = Assets.xcassets; sourceTree = "<group>"; };
		E20B58F821A2696000B2282F /* Base */ = {isa = PBXFileReference; lastKnownFileType = file.storyboard; name = Base; path = Base.lproj/LaunchScreen.storyboard; sourceTree = "<group>"; };
		E20B58FA21A2696000B2282F /* Info.plist */ = {isa = PBXFileReference; lastKnownFileType = text.plist.xml; path = Info.plist; sourceTree = "<group>"; };
		E20B58FF21A2696000B2282F /* weatherTests.xctest */ = {isa = PBXFileReference; explicitFileType = wrapper.cfbundle; includeInIndex = 0; path = weatherTests.xctest; sourceTree = BUILT_PRODUCTS_DIR; };
		E20B590321A2696000B2282F /* weatherTests.swift */ = {isa = PBXFileReference; lastKnownFileType = sourcecode.swift; path = weatherTests.swift; sourceTree = "<group>"; };
		E20B590521A2696000B2282F /* Info.plist */ = {isa = PBXFileReference; lastKnownFileType = text.plist.xml; path = Info.plist; sourceTree = "<group>"; };
		E20B590A21A2696000B2282F /* weatherUITests.xctest */ = {isa = PBXFileReference; explicitFileType = wrapper.cfbundle; includeInIndex = 0; path = weatherUITests.xctest; sourceTree = BUILT_PRODUCTS_DIR; };
		E20B590E21A2696000B2282F /* weatherUITests.swift */ = {isa = PBXFileReference; lastKnownFileType = sourcecode.swift; path = weatherUITests.swift; sourceTree = "<group>"; };
		E20B591021A2696000B2282F /* Info.plist */ = {isa = PBXFileReference; lastKnownFileType = text.plist.xml; path = Info.plist; sourceTree = "<group>"; };
		E20B5CC121A5031F00B2282F /* AdobeClean-Light.otf */ = {isa = PBXFileReference; lastKnownFileType = file; path = "AdobeClean-Light.otf"; sourceTree = "<group>"; };
		E20B5CC521A50D7D00B2282F /* MainNetManger.swift */ = {isa = PBXFileReference; lastKnownFileType = sourcecode.swift; path = MainNetManger.swift; sourceTree = "<group>"; };
		E260EAFF21A5408D00306F8A /* WeatherModel.swift */ = {isa = PBXFileReference; lastKnownFileType = sourcecode.swift; path = WeatherModel.swift; sourceTree = "<group>"; };
/* End PBXFileReference section */

/* Begin PBXFrameworksBuildPhase section */
		E20B58E821A2695E00B2282F /* Frameworks */ = {
			isa = PBXFrameworksBuildPhase;
			buildActionMask = 2147483647;
			files = (
				6BFE254FE73617CB99DA7FB2 /* Pods_weather.framework in Frameworks */,
			);
			runOnlyForDeploymentPostprocessing = 0;
		};
		E20B58FC21A2696000B2282F /* Frameworks */ = {
			isa = PBXFrameworksBuildPhase;
			buildActionMask = 2147483647;
			files = (
			);
			runOnlyForDeploymentPostprocessing = 0;
		};
		E20B590721A2696000B2282F /* Frameworks */ = {
			isa = PBXFrameworksBuildPhase;
			buildActionMask = 2147483647;
			files = (
			);
			runOnlyForDeploymentPostprocessing = 0;
		};
/* End PBXFrameworksBuildPhase section */

/* Begin PBXGroup section */
		4C12AEF476288FF80C36E2D3 /* Pods */ = {
			isa = PBXGroup;
			children = (
				AFED3E1C883B37786C0269B6 /* Pods-weather.debug.xcconfig */,
				BA7FEBD279C6445DE68DBC09 /* Pods-weather.release.xcconfig */,
			);
			name = Pods;
			sourceTree = "<group>";
		};
		9BBBE9387E55F6CBD73E58A5 /* Frameworks */ = {
			isa = PBXGroup;
			children = (
				C515B6AFAF63283B0C7D627C /* Pods_weather.framework */,
			);
			name = Frameworks;
			sourceTree = "<group>";
		};
		E20B58E221A2695E00B2282F = {
			isa = PBXGroup;
			children = (
				E20B58ED21A2695E00B2282F /* weather */,
				E20B590221A2696000B2282F /* weatherTests */,
				E20B590D21A2696000B2282F /* weatherUITests */,
				E20B58EC21A2695E00B2282F /* Products */,
				4C12AEF476288FF80C36E2D3 /* Pods */,
				9BBBE9387E55F6CBD73E58A5 /* Frameworks */,
			);
			sourceTree = "<group>";
		};
		E20B58EC21A2695E00B2282F /* Products */ = {
			isa = PBXGroup;
			children = (
				E20B58EB21A2695E00B2282F /* weather.app */,
				E20B58FF21A2696000B2282F /* weatherTests.xctest */,
				E20B590A21A2696000B2282F /* weatherUITests.xctest */,
			);
			name = Products;
			sourceTree = "<group>";
		};
		E20B58ED21A2695E00B2282F /* weather */ = {
			isa = PBXGroup;
			children = (
				E260EAFE21A5407900306F8A /* model */,
				E20B5CC321A50D6200B2282F /* Tool */,
				E20B5CC121A5031F00B2282F /* AdobeClean-Light.otf */,
				E20B58EE21A2695E00B2282F /* AppDelegate.swift */,
				E20B58F021A2695E00B2282F /* ViewController.swift */,
				E20B58F221A2695E00B2282F /* Main.storyboard */,
				E20B58F521A2696000B2282F /* Assets.xcassets */,
				E20B58F721A2696000B2282F /* LaunchScreen.storyboard */,
				E20B58FA21A2696000B2282F /* Info.plist */,
			);
			path = weather;
			sourceTree = "<group>";
		};
		E20B590221A2696000B2282F /* weatherTests */ = {
			isa = PBXGroup;
			children = (
				E20B590321A2696000B2282F /* weatherTests.swift */,
				E20B590521A2696000B2282F /* Info.plist */,
			);
			path = weatherTests;
			sourceTree = "<group>";
		};
		E20B590D21A2696000B2282F /* weatherUITests */ = {
			isa = PBXGroup;
			children = (
				E20B590E21A2696000B2282F /* weatherUITests.swift */,
				E20B591021A2696000B2282F /* Info.plist */,
			);
			path = weatherUITests;
			sourceTree = "<group>";
		};
		E20B5CC321A50D6200B2282F /* Tool */ = {
			isa = PBXGroup;
			children = (
				E20B5CC521A50D7D00B2282F /* MainNetManger.swift */,
			);
			path = Tool;
			sourceTree = "<group>";
		};
		E260EAFE21A5407900306F8A /* model */ = {
			isa = PBXGroup;
			children = (
				E260EAFF21A5408D00306F8A /* WeatherModel.swift */,
			);
			path = model;
			sourceTree = "<group>";
		};
/* End PBXGroup section */

/* Begin PBXNativeTarget section */
		E20B58EA21A2695E00B2282F /* weather */ = {
			isa = PBXNativeTarget;
			buildConfigurationList = E20B591321A2696000B2282F /* Build configuration list for PBXNativeTarget "weather" */;
			buildPhases = (
				F748B5A9251D83D54E31BFAA /* [CP] Check Pods Manifest.lock */,
				E20B58E721A2695E00B2282F /* Sources */,
				E20B58E821A2695E00B2282F /* Frameworks */,
				E20B58E921A2695E00B2282F /* Resources */,
				A6B71A08E93A0A87B7E2891B /* [CP] Embed Pods Frameworks */,
			);
			buildRules = (
			);
			dependencies = (
			);
			name = weather;
			productName = weather;
			productReference = E20B58EB21A2695E00B2282F /* weather.app */;
			productType = "com.apple.product-type.application";
		};
		E20B58FE21A2696000B2282F /* weatherTests */ = {
			isa = PBXNativeTarget;
			buildConfigurationList = E20B591621A2696000B2282F /* Build configuration list for PBXNativeTarget "weatherTests" */;
			buildPhases = (
				E20B58FB21A2696000B2282F /* Sources */,
				E20B58FC21A2696000B2282F /* Frameworks */,
				E20B58FD21A2696000B2282F /* Resources */,
			);
			buildRules = (
			);
			dependencies = (
				E20B590121A2696000B2282F /* PBXTargetDependency */,
			);
			name = weatherTests;
			productName = weatherTests;
			productReference = E20B58FF21A2696000B2282F /* weatherTests.xctest */;
			productType = "com.apple.product-type.bundle.unit-test";
		};
		E20B590921A2696000B2282F /* weatherUITests */ = {
			isa = PBXNativeTarget;
			buildConfigurationList = E20B591921A2696000B2282F /* Build configuration list for PBXNativeTarget "weatherUITests" */;
			buildPhases = (
				E20B590621A2696000B2282F /* Sources */,
				E20B590721A2696000B2282F /* Frameworks */,
				E20B590821A2696000B2282F /* Resources */,
			);
			buildRules = (
			);
			dependencies = (
				E20B590C21A2696000B2282F /* PBXTargetDependency */,
			);
			name = weatherUITests;
			productName = weatherUITests;
			productReference = E20B590A21A2696000B2282F /* weatherUITests.xctest */;
			productType = "com.apple.product-type.bundle.ui-testing";
		};
/* End PBXNativeTarget section */

/* Begin PBXProject section */
		E20B58E321A2695E00B2282F /* Project object */ = {
			isa = PBXProject;
			attributes = {
				LastSwiftUpdateCheck = 1010;
				LastUpgradeCheck = 1010;
				ORGANIZATIONNAME = "王志平";
				TargetAttributes = {
					E20B58EA21A2695E00B2282F = {
						CreatedOnToolsVersion = 10.1;
						SystemCapabilities = {
							com.apple.BackgroundModes = {
								enabled = 1;
							};
						};
					};
					E20B58FE21A2696000B2282F = {
						CreatedOnToolsVersion = 10.1;
						TestTargetID = E20B58EA21A2695E00B2282F;
					};
					E20B590921A2696000B2282F = {
						CreatedOnToolsVersion = 10.1;
						TestTargetID = E20B58EA21A2695E00B2282F;
					};
				};
			};
			buildConfigurationList = E20B58E621A2695E00B2282F /* Build configuration list for PBXProject "weather" */;
			compatibilityVersion = "Xcode 9.3";
			developmentRegion = en;
			hasScannedForEncodings = 0;
			knownRegions = (
				en,
				Base,
			);
			mainGroup = E20B58E221A2695E00B2282F;
			productRefGroup = E20B58EC21A2695E00B2282F /* Products */;
			projectDirPath = "";
			projectRoot = "";
			targets = (
				E20B58EA21A2695E00B2282F /* weather */,
				E20B58FE21A2696000B2282F /* weatherTests */,
				E20B590921A2696000B2282F /* weatherUITests */,
			);
		};
/* End PBXProject section */

/* Begin PBXResourcesBuildPhase section */
		E20B58E921A2695E00B2282F /* Resources */ = {
			isa = PBXResourcesBuildPhase;
			buildActionMask = 2147483647;
			files = (
				E20B58F921A2696000B2282F /* LaunchScreen.storyboard in Resources */,
				E20B58F621A2696000B2282F /* Assets.xcassets in Resources */,
				E20B5CC221A5031F00B2282F /* AdobeClean-Light.otf in Resources */,
				E20B58F421A2695E00B2282F /* Main.storyboard in Resources */,
			);
			runOnlyForDeploymentPostprocessing = 0;
		};
		E20B58FD21A2696000B2282F /* Resources */ = {
			isa = PBXResourcesBuildPhase;
			buildActionMask = 2147483647;
			files = (
			);
			runOnlyForDeploymentPostprocessing = 0;
		};
		E20B590821A2696000B2282F /* Resources */ = {
			isa = PBXResourcesBuildPhase;
			buildActionMask = 2147483647;
			files = (
			);
			runOnlyForDeploymentPostprocessing = 0;
		};
/* End PBXResourcesBuildPhase section */

/* Begin PBXShellScriptBuildPhase section */
		A6B71A08E93A0A87B7E2891B /* [CP] Embed Pods Frameworks */ = {
			isa = PBXShellScriptBuildPhase;
			buildActionMask = 2147483647;
			files = (
			);
			inputFileListPaths = (
			);
			inputPaths = (
				"${SRCROOT}/Pods/Target Support Files/Pods-weather/Pods-weather-frameworks.sh",
				"${BUILT_PRODUCTS_DIR}/Alamofire/Alamofire.framework",
				"${BUILT_PRODUCTS_DIR}/HandyJSON/HandyJSON.framework",
			);
			name = "[CP] Embed Pods Frameworks";
			outputFileListPaths = (
			);
			outputPaths = (
				"${TARGET_BUILD_DIR}/${FRAMEWORKS_FOLDER_PATH}/Alamofire.framework",
				"${TARGET_BUILD_DIR}/${FRAMEWORKS_FOLDER_PATH}/HandyJSON.framework",
			);
			runOnlyForDeploymentPostprocessing = 0;
			shellPath = /bin/sh;
			shellScript = "\"${SRCROOT}/Pods/Target Support Files/Pods-weather/Pods-weather-frameworks.sh\"\n";
			showEnvVarsInLog = 0;
		};
		F748B5A9251D83D54E31BFAA /* [CP] Check Pods Manifest.lock */ = {
			isa = PBXShellScriptBuildPhase;
			buildActionMask = 2147483647;
			files = (
			);
			inputFileListPaths = (
			);
			inputPaths = (
				"${PODS_PODFILE_DIR_PATH}/Podfile.lock",
				"${PODS_ROOT}/Manifest.lock",
			);
			name = "[CP] Check Pods Manifest.lock";
			outputFileListPaths = (
			);
			outputPaths = (
				"$(DERIVED_FILE_DIR)/Pods-weather-checkManifestLockResult.txt",
			);
			runOnlyForDeploymentPostprocessing = 0;
			shellPath = /bin/sh;
			shellScript = "diff \"${PODS_PODFILE_DIR_PATH}/Podfile.lock\" \"${PODS_ROOT}/Manifest.lock\" > /dev/null\nif [ $? != 0 ] ; then\n    # print error to STDERR\n    echo \"error: The sandbox is not in sync with the Podfile.lock. Run 'pod install' or update your CocoaPods installation.\" >&2\n    exit 1\nfi\n# This output is used by Xcode 'outputs' to avoid re-running this script phase.\necho \"SUCCESS\" > \"${SCRIPT_OUTPUT_FILE_0}\"\n";
			showEnvVarsInLog = 0;
		};
/* End PBXShellScriptBuildPhase section */

/* Begin PBXSourcesBuildPhase section */
		E20B58E721A2695E00B2282F /* Sources */ = {
			isa = PBXSourcesBuildPhase;
			buildActionMask = 2147483647;
			files = (
				E20B5CC621A50D7D00B2282F /* MainNetManger.swift in Sources */,
				E20B58F121A2695E00B2282F /* ViewController.swift in Sources */,
				E260EB0021A5408D00306F8A /* WeatherModel.swift in Sources */,
				E20B58EF21A2695E00B2282F /* AppDelegate.swift in Sources */,
			);
			runOnlyForDeploymentPostprocessing = 0;
		};
		E20B58FB21A2696000B2282F /* Sources */ = {
			isa = PBXSourcesBuildPhase;
			buildActionMask = 2147483647;
			files = (
				E20B590421A2696000B2282F /* weatherTests.swift in Sources */,
			);
			runOnlyForDeploymentPostprocessing = 0;
		};
		E20B590621A2696000B2282F /* Sources */ = {
			isa = PBXSourcesBuildPhase;
			buildActionMask = 2147483647;
			files = (
				E20B590F21A2696000B2282F /* weatherUITests.swift in Sources */,
			);
			runOnlyForDeploymentPostprocessing = 0;
		};
/* End PBXSourcesBuildPhase section */

/* Begin PBXTargetDependency section */
		E20B590121A2696000B2282F /* PBXTargetDependency */ = {
			isa = PBXTargetDependency;
			target = E20B58EA21A2695E00B2282F /* weather */;
			targetProxy = E20B590021A2696000B2282F /* PBXContainerItemProxy */;
		};
		E20B590C21A2696000B2282F /* PBXTargetDependency */ = {
			isa = PBXTargetDependency;
			target = E20B58EA21A2695E00B2282F /* weather */;
			targetProxy = E20B590B21A2696000B2282F /* PBXContainerItemProxy */;
		};
/* End PBXTargetDependency section */

/* Begin PBXVariantGroup section */
		E20B58F221A2695E00B2282F /* Main.storyboard */ = {
			isa = PBXVariantGroup;
			children = (
				E20B58F321A2695E00B2282F /* Base */,
			);
			name = Main.storyboard;
			sourceTree = "<group>";
		};
		E20B58F721A2696000B2282F /* LaunchScreen.storyboard */ = {
			isa = PBXVariantGroup;
			children = (
				E20B58F821A2696000B2282F /* Base */,
			);
			name = LaunchScreen.storyboard;
			sourceTree = "<group>";
		};
/* End PBXVariantGroup section */

/* Begin XCBuildConfiguration section */
		E20B591121A2696000B2282F /* Debug */ = {
			isa = XCBuildConfiguration;
			buildSettings = {
				ALWAYS_SEARCH_USER_PATHS = NO;
				CLANG_ANALYZER_NONNULL = YES;
				CLANG_ANALYZER_NUMBER_OBJECT_CONVERSION = YES_AGGRESSIVE;
				CLANG_CXX_LANGUAGE_STANDARD = "gnu++14";
				CLANG_CXX_LIBRARY = "libc++";
				CLANG_ENABLE_MODULES = YES;
				CLANG_ENABLE_OBJC_ARC = YES;
				CLANG_ENABLE_OBJC_WEAK = YES;
				CLANG_WARN_BLOCK_CAPTURE_AUTORELEASING = YES;
				CLANG_WARN_BOOL_CONVERSION = YES;
				CLANG_WARN_COMMA = YES;
				CLANG_WARN_CONSTANT_CONVERSION = YES;
				CLANG_WARN_DEPRECATED_OBJC_IMPLEMENTATIONS = YES;
				CLANG_WARN_DIRECT_OBJC_ISA_USAGE = YES_ERROR;
				CLANG_WARN_DOCUMENTATION_COMMENTS = YES;
				CLANG_WARN_EMPTY_BODY = YES;
				CLANG_WARN_ENUM_CONVERSION = YES;
				CLANG_WARN_INFINITE_RECURSION = YES;
				CLANG_WARN_INT_CONVERSION = YES;
				CLANG_WARN_NON_LITERAL_NULL_CONVERSION = YES;
				CLANG_WARN_OBJC_IMPLICIT_RETAIN_SELF = NO;
				CLANG_WARN_OBJC_LITERAL_CONVERSION = YES;
				CLANG_WARN_OBJC_ROOT_CLASS = YES_ERROR;
				CLANG_WARN_RANGE_LOOP_ANALYSIS = YES;
				CLANG_WARN_STRICT_PROTOTYPES = YES;
				CLANG_WARN_SUSPICIOUS_MOVE = YES;
				CLANG_WARN_UNGUARDED_AVAILABILITY = YES_AGGRESSIVE;
				CLANG_WARN_UNREACHABLE_CODE = YES;
				CLANG_WARN__DUPLICATE_METHOD_MATCH = YES;
				CODE_SIGN_IDENTITY = "iPhone Developer";
				COPY_PHASE_STRIP = NO;
				DEBUG_INFORMATION_FORMAT = dwarf;
				ENABLE_STRICT_OBJC_MSGSEND = YES;
				ENABLE_TESTABILITY = YES;
				GCC_C_LANGUAGE_STANDARD = gnu11;
				GCC_DYNAMIC_NO_PIC = NO;
				GCC_NO_COMMON_BLOCKS = YES;
				GCC_OPTIMIZATION_LEVEL = 0;
				GCC_PREPROCESSOR_DEFINITIONS = (
					"DEBUG=1",
					"$(inherited)",
				);
				GCC_WARN_64_TO_32_BIT_CONVERSION = YES;
				GCC_WARN_ABOUT_RETURN_TYPE = YES_ERROR;
				GCC_WARN_UNDECLARED_SELECTOR = YES;
				GCC_WARN_UNINITIALIZED_AUTOS = YES_AGGRESSIVE;
				GCC_WARN_UNUSED_FUNCTION = YES;
				GCC_WARN_UNUSED_VARIABLE = YES;
				IPHONEOS_DEPLOYMENT_TARGET = 12.1;
				MTL_ENABLE_DEBUG_INFO = INCLUDE_SOURCE;
				MTL_FAST_MATH = YES;
				ONLY_ACTIVE_ARCH = YES;
				SDKROOT = iphoneos;
				SWIFT_ACTIVE_COMPILATION_CONDITIONS = DEBUG;
				SWIFT_OPTIMIZATION_LEVEL = "-Onone";
			};
			name = Debug;
		};
		E20B591221A2696000B2282F /* Release */ = {
			isa = XCBuildConfiguration;
			buildSettings = {
				ALWAYS_SEARCH_USER_PATHS = NO;
				CLANG_ANALYZER_NONNULL = YES;
				CLANG_ANALYZER_NUMBER_OBJECT_CONVERSION = YES_AGGRESSIVE;
				CLANG_CXX_LANGUAGE_STANDARD = "gnu++14";
				CLANG_CXX_LIBRARY = "libc++";
				CLANG_ENABLE_MODULES = YES;
				CLANG_ENABLE_OBJC_ARC = YES;
				CLANG_ENABLE_OBJC_WEAK = YES;
				CLANG_WARN_BLOCK_CAPTURE_AUTORELEASING = YES;
				CLANG_WARN_BOOL_CONVERSION = YES;
				CLANG_WARN_COMMA = YES;
				CLANG_WARN_CONSTANT_CONVERSION = YES;
				CLANG_WARN_DEPRECATED_OBJC_IMPLEMENTATIONS = YES;
				CLANG_WARN_DIRECT_OBJC_ISA_USAGE = YES_ERROR;
				CLANG_WARN_DOCUMENTATION_COMMENTS = YES;
				CLANG_WARN_EMPTY_BODY = YES;
				CLANG_WARN_ENUM_CONVERSION = YES;
				CLANG_WARN_INFINITE_RECURSION = YES;
				CLANG_WARN_INT_CONVERSION = YES;
				CLANG_WARN_NON_LITERAL_NULL_CONVERSION = YES;
				CLANG_WARN_OBJC_IMPLICIT_RETAIN_SELF = NO;
				CLANG_WARN_OBJC_LITERAL_CONVERSION = YES;
				CLANG_WARN_OBJC_ROOT_CLASS = YES_ERROR;
				CLANG_WARN_RANGE_LOOP_ANALYSIS = YES;
				CLANG_WARN_STRICT_PROTOTYPES = YES;
				CLANG_WARN_SUSPICIOUS_MOVE = YES;
				CLANG_WARN_UNGUARDED_AVAILABILITY = YES_AGGRESSIVE;
				CLANG_WARN_UNREACHABLE_CODE = YES;
				CLANG_WARN__DUPLICATE_METHOD_MATCH = YES;
				CODE_SIGN_IDENTITY = "iPhone Developer";
				COPY_PHASE_STRIP = NO;
				DEBUG_INFORMATION_FORMAT = "dwarf-with-dsym";
				ENABLE_NS_ASSERTIONS = NO;
				ENABLE_STRICT_OBJC_MSGSEND = YES;
				GCC_C_LANGUAGE_STANDARD = gnu11;
				GCC_NO_COMMON_BLOCKS = YES;
				GCC_WARN_64_TO_32_BIT_CONVERSION = YES;
				GCC_WARN_ABOUT_RETURN_TYPE = YES_ERROR;
				GCC_WARN_UNDECLARED_SELECTOR = YES;
				GCC_WARN_UNINITIALIZED_AUTOS = YES_AGGRESSIVE;
				GCC_WARN_UNUSED_FUNCTION = YES;
				GCC_WARN_UNUSED_VARIABLE = YES;
				IPHONEOS_DEPLOYMENT_TARGET = 12.1;
				MTL_ENABLE_DEBUG_INFO = NO;
				MTL_FAST_MATH = YES;
				SDKROOT = iphoneos;
				SWIFT_COMPILATION_MODE = wholemodule;
				SWIFT_OPTIMIZATION_LEVEL = "-O";
				VALIDATE_PRODUCT = YES;
			};
			name = Release;
		};
		E20B591421A2696000B2282F /* Debug */ = {
			isa = XCBuildConfiguration;
			baseConfigurationReference = AFED3E1C883B37786C0269B6 /* Pods-weather.debug.xcconfig */;
			buildSettings = {
				ASSETCATALOG_COMPILER_APPICON_NAME = AppIcon;
				CODE_SIGN_STYLE = Automatic;
				DEVELOPMENT_TEAM = ZT38DY35DB;
				INFOPLIST_FILE = weather/Info.plist;
				IPHONEOS_DEPLOYMENT_TARGET = 9.0;
				LD_RUNPATH_SEARCH_PATHS = (
					"$(inherited)",
					"@executable_path/Frameworks",
				);
				PRODUCT_BUNDLE_IDENTIFIER = demo.weather;
				PRODUCT_NAME = "$(TARGET_NAME)";
				SWIFT_VERSION = 4.2;
				TARGETED_DEVICE_FAMILY = "1,2";
			};
			name = Debug;
		};
		E20B591521A2696000B2282F /* Release */ = {
			isa = XCBuildConfiguration;
			baseConfigurationReference = BA7FEBD279C6445DE68DBC09 /* Pods-weather.release.xcconfig */;
			buildSettings = {
				ASSETCATALOG_COMPILER_APPICON_NAME = AppIcon;
				CODE_SIGN_STYLE = Automatic;
				DEVELOPMENT_TEAM = ZT38DY35DB;
				INFOPLIST_FILE = weather/Info.plist;
				IPHONEOS_DEPLOYMENT_TARGET = 9.0;
				LD_RUNPATH_SEARCH_PATHS = (
					"$(inherited)",
					"@executable_path/Frameworks",
				);
				PRODUCT_BUNDLE_IDENTIFIER = demo.weather;
				PRODUCT_NAME = "$(TARGET_NAME)";
				SWIFT_VERSION = 4.2;
				TARGETED_DEVICE_FAMILY = "1,2";
			};
			name = Release;
		};
		E20B591721A2696000B2282F /* Debug */ = {
			isa = XCBuildConfiguration;
			buildSettings = {
				ALWAYS_EMBED_SWIFT_STANDARD_LIBRARIES = YES;
				BUNDLE_LOADER = "$(TEST_HOST)";
				CODE_SIGN_STYLE = Automatic;
				INFOPLIST_FILE = weatherTests/Info.plist;
				LD_RUNPATH_SEARCH_PATHS = (
					"$(inherited)",
					"@executable_path/Frameworks",
					"@loader_path/Frameworks",
				);
				PRODUCT_BUNDLE_IDENTIFIER = demo.weatherTests;
				PRODUCT_NAME = "$(TARGET_NAME)";
				SWIFT_VERSION = 4.2;
				TARGETED_DEVICE_FAMILY = "1,2";
				TEST_HOST = "$(BUILT_PRODUCTS_DIR)/weather.app/weather";
			};
			name = Debug;
		};
		E20B591821A2696000B2282F /* Release */ = {
			isa = XCBuildConfiguration;
			buildSettings = {
				ALWAYS_EMBED_SWIFT_STANDARD_LIBRARIES = YES;
				BUNDLE_LOADER = "$(TEST_HOST)";
				CODE_SIGN_STYLE = Automatic;
				INFOPLIST_FILE = weatherTests/Info.plist;
				LD_RUNPATH_SEARCH_PATHS = (
					"$(inherited)",
					"@executable_path/Frameworks",
					"@loader_path/Frameworks",
				);
				PRODUCT_BUNDLE_IDENTIFIER = demo.weatherTests;
				PRODUCT_NAME = "$(TARGET_NAME)";
				SWIFT_VERSION = 4.2;
				TARGETED_DEVICE_FAMILY = "1,2";
				TEST_HOST = "$(BUILT_PRODUCTS_DIR)/weather.app/weather";
			};
			name = Release;
		};
		E20B591A21A2696000B2282F /* Debug */ = {
			isa = XCBuildConfiguration;
			buildSettings = {
				ALWAYS_EMBED_SWIFT_STANDARD_LIBRARIES = YES;
				CODE_SIGN_STYLE = Automatic;
				INFOPLIST_FILE = weatherUITests/Info.plist;
				LD_RUNPATH_SEARCH_PATHS = (
					"$(inherited)",
					"@executable_path/Frameworks",
					"@loader_path/Frameworks",
				);
				PRODUCT_BUNDLE_IDENTIFIER = demo.weatherUITests;
				PRODUCT_NAME = "$(TARGET_NAME)";
				SWIFT_VERSION = 4.2;
				TARGETED_DEVICE_FAMILY = "1,2";
				TEST_TARGET_NAME = weather;
			};
			name = Debug;
		};
		E20B591B21A2696000B2282F /* Release */ = {
			isa = XCBuildConfiguration;
			buildSettings = {
				ALWAYS_EMBED_SWIFT_STANDARD_LIBRARIES = YES;
				CODE_SIGN_STYLE = Automatic;
				INFOPLIST_FILE = weatherUITests/Info.plist;
				LD_RUNPATH_SEARCH_PATHS = (
					"$(inherited)",
					"@executable_path/Frameworks",
					"@loader_path/Frameworks",
				);
				PRODUCT_BUNDLE_IDENTIFIER = demo.weatherUITests;
				PRODUCT_NAME = "$(TARGET_NAME)";
				SWIFT_VERSION = 4.2;
				TARGETED_DEVICE_FAMILY = "1,2";
				TEST_TARGET_NAME = weather;
			};
			name = Release;
		};
/* End XCBuildConfiguration section */

/* Begin XCConfigurationList section */
		E20B58E621A2695E00B2282F /* Build configuration list for PBXProject "weather" */ = {
			isa = XCConfigurationList;
			buildConfigurations = (
				E20B591121A2696000B2282F /* Debug */,
				E20B591221A2696000B2282F /* Release */,
			);
			defaultConfigurationIsVisible = 0;
			defaultConfigurationName = Release;
		};
		E20B591321A2696000B2282F /* Build configuration list for PBXNativeTarget "weather" */ = {
			isa = XCConfigurationList;
			buildConfigurations = (
				E20B591421A2696000B2282F /* Debug */,
				E20B591521A2696000B2282F /* Release */,
			);
			defaultConfigurationIsVisible = 0;
			defaultConfigurationName = Release;
		};
		E20B591621A2696000B2282F /* Build configuration list for PBXNativeTarget "weatherTests" */ = {
			isa = XCConfigurationList;
			buildConfigurations = (
				E20B591721A2696000B2282F /* Debug */,
				E20B591821A2696000B2282F /* Release */,
			);
			defaultConfigurationIsVisible = 0;
			defaultConfigurationName = Release;
		};
		E20B591921A2696000B2282F /* Build configuration list for PBXNativeTarget "weatherUITests" */ = {
			isa = XCConfigurationList;
			buildConfigurations = (
				E20B591A21A2696000B2282F /* Debug */,
				E20B591B21A2696000B2282F /* Release */,
			);
			defaultConfigurationIsVisible = 0;
			defaultConfigurationName = Release;
		};
/* End XCConfigurationList section */
	};
	rootObject = E20B58E321A2695E00B2282F /* Project object */;
}
